
Microsoft Visual Studio Solution File, Format Version 12.00
# Visual Studio Version 17
VisualStudioVersion = 17.9.34321.82
MinimumVisualStudioVersion = 10.0.40219.1
Project("{FC65038C-1B2F-41E1-A629-BED71D161FFF}") = "Example custom calculation method", "Example custom calculation method\Example custom calculation method.rnrproj", "{FD416692-34C5-486B-B915-58A4C0699AC4}"
EndProject
Global
	GlobalSection(SolutionConfigurationPlatforms) = preSolution
		Debug|Any CPU = Debug|Any CPU
	EndGlobalSection
	GlobalSection(ProjectConfigurationPlatforms) = postSolution
		{FD416692-34C5-486B-B915-58A4C0699AC4}.Debug|Any CPU.ActiveCfg = Debug|Any CPU
		{FD416692-34C5-486B-B915-58A4C0699AC4}.Debug|Any CPU.Build.0 = Debug|Any CPU
	EndGlobalSection
	GlobalSection(SolutionProperties) = preSolution
		HideSolutionNode = FALSE
	EndGlobalSection
	GlobalSection(ExtensibilityGlobals) = postSolution
		SolutionGuid = {5402C3DB-32BC-400A-8E09-C519A3DEDA21}
	EndGlobalSection
EndGlobal
